// !$*UTF8*$!
{
	archiveVersion = 1;
	classes = {
	};
	objectVersion = 56;
	objects = {

/* Begin PBXBuildFile section */
		2171925D2B06FE5F00A0A4E1 /* RealityKitContent in Frameworks */ = {isa = PBXBuildFile; productRef = 2171925C2B06FE5F00A0A4E1 /* RealityKitContent */; };
		2171925F2B06FE5F00A0A4E1 /* NotDestinationVideoApp.swift in Sources */ = {isa = PBXBuildFile; fileRef = 2171925E2B06FE5F00A0A4E1 /* NotDestinationVideoApp.swift */; };
		217192612B06FE5F00A0A4E1 /* ContentView.swift in Sources */ = {isa = PBXBuildFile; fileRef = 217192602B06FE5F00A0A4E1 /* ContentView.swift */; };
		217192632B06FE6100A0A4E1 /* Assets.xcassets in Resources */ = {isa = PBXBuildFile; fileRef = 217192622B06FE6100A0A4E1 /* Assets.xcassets */; };
		217192662B06FE6100A0A4E1 /* Preview Assets.xcassets in Resources */ = {isa = PBXBuildFile; fileRef = 217192652B06FE6100A0A4E1 /* Preview Assets.xcassets */; };
		217192752B07328000A0A4E1 /* VideoLibrary.swift in Sources */ = {isa = PBXBuildFile; fileRef = 217192732B07328000A0A4E1 /* VideoLibrary.swift */; };
		217192762B07328000A0A4E1 /* Video.swift in Sources */ = {isa = PBXBuildFile; fileRef = 217192742B07328000A0A4E1 /* Video.swift */; };
		2171927D2B07329E00A0A4E1 /* PlayerModel.swift in Sources */ = {isa = PBXBuildFile; fileRef = 217192782B07329D00A0A4E1 /* PlayerModel.swift */; };
		2171927E2B07329E00A0A4E1 /* SystemPlayerView.swift in Sources */ = {isa = PBXBuildFile; fileRef = 217192792B07329D00A0A4E1 /* SystemPlayerView.swift */; };
		2171927F2B07329E00A0A4E1 /* InlinePlayerView.swift in Sources */ = {isa = PBXBuildFile; fileRef = 2171927A2B07329D00A0A4E1 /* InlinePlayerView.swift */; };
		217192812B07329E00A0A4E1 /* PlayerView.swift in Sources */ = {isa = PBXBuildFile; fileRef = 2171927C2B07329D00A0A4E1 /* PlayerView.swift */; };
		217192902B0732BB00A0A4E1 /* LibraryView.swift in Sources */ = {isa = PBXBuildFile; fileRef = 217192822B0732BA00A0A4E1 /* LibraryView.swift */; };
		217192912B0732BB00A0A4E1 /* TrailerView.swift in Sources */ = {isa = PBXBuildFile; fileRef = 217192832B0732BA00A0A4E1 /* TrailerView.swift */; };
		217192922B0732BB00A0A4E1 /* VideoCardView.swift in Sources */ = {isa = PBXBuildFile; fileRef = 217192842B0732BB00A0A4E1 /* VideoCardView.swift */; };
		217192942B0732BB00A0A4E1 /* VideoListView.swift in Sources */ = {isa = PBXBuildFile; fileRef = 217192862B0732BB00A0A4E1 /* VideoListView.swift */; };
		217192982B0732BB00A0A4E1 /* ViewModifiers.swift in Sources */ = {isa = PBXBuildFile; fileRef = 2171928B2B0732BB00A0A4E1 /* ViewModifiers.swift */; };
		217192992B0732BB00A0A4E1 /* GradientView.swift in Sources */ = {isa = PBXBuildFile; fileRef = 2171928C2B0732BB00A0A4E1 /* GradientView.swift */; };
		2171929A2B0732BB00A0A4E1 /* DetailView.swift in Sources */ = {isa = PBXBuildFile; fileRef = 2171928D2B0732BB00A0A4E1 /* DetailView.swift */; };
		2171929B2B0732BB00A0A4E1 /* WideDetailView.swift in Sources */ = {isa = PBXBuildFile; fileRef = 2171928E2B0732BB00A0A4E1 /* WideDetailView.swift */; };
		2171929C2B0732BB00A0A4E1 /* VideoInfoView.swift in Sources */ = {isa = PBXBuildFile; fileRef = 2171928F2B0732BB00A0A4E1 /* VideoInfoView.swift */; };
		2171929E2B07335C00A0A4E1 /* VideoExtensions.swift in Sources */ = {isa = PBXBuildFile; fileRef = 2171929D2B07335C00A0A4E1 /* VideoExtensions.swift */; };
		217192A22B07337900A0A4E1 /* ViewExtensions.swift in Sources */ = {isa = PBXBuildFile; fileRef = 217192A02B07337900A0A4E1 /* ViewExtensions.swift */; };
		217192A32B07337900A0A4E1 /* AVExtensions.swift in Sources */ = {isa = PBXBuildFile; fileRef = 217192A12B07337900A0A4E1 /* AVExtensions.swift */; };
		217192A72B07339700A0A4E1 /* VideoWatchingCoordinator.swift in Sources */ = {isa = PBXBuildFile; fileRef = 217192A52B07339700A0A4E1 /* VideoWatchingCoordinator.swift */; };
		217192A82B07339700A0A4E1 /* VideoWatchingActivity.swift in Sources */ = {isa = PBXBuildFile; fileRef = 217192A62B07339700A0A4E1 /* VideoWatchingActivity.swift */; };
		217192AA2B073C8D00A0A4E1 /* DestinationView.swift in Sources */ = {isa = PBXBuildFile; fileRef = 217192A92B073C8D00A0A4E1 /* DestinationView.swift */; };
/* End PBXBuildFile section */

/* Begin PBXFileReference section */
		217192572B06FE5F00A0A4E1 /* NotDestinationVideo.app */ = {isa = PBXFileReference; explicitFileType = wrapper.application; includeInIndex = 0; path = NotDestinationVideo.app; sourceTree = BUILT_PRODUCTS_DIR; };
		2171925B2B06FE5F00A0A4E1 /* RealityKitContent */ = {isa = PBXFileReference; lastKnownFileType = wrapper; path = RealityKitContent; sourceTree = "<group>"; };
		2171925E2B06FE5F00A0A4E1 /* NotDestinationVideoApp.swift */ = {isa = PBXFileReference; lastKnownFileType = sourcecode.swift; path = NotDestinationVideoApp.swift; sourceTree = "<group>"; };
		217192602B06FE5F00A0A4E1 /* ContentView.swift */ = {isa = PBXFileReference; lastKnownFileType = sourcecode.swift; path = ContentView.swift; sourceTree = "<group>"; };
		217192622B06FE6100A0A4E1 /* Assets.xcassets */ = {isa = PBXFileReference; lastKnownFileType = folder.assetcatalog; path = Assets.xcassets; sourceTree = "<group>"; };
		217192652B06FE6100A0A4E1 /* Preview Assets.xcassets */ = {isa = PBXFileReference; lastKnownFileType = folder.assetcatalog; path = "Preview Assets.xcassets"; sourceTree = "<group>"; };
		217192672B06FE6100A0A4E1 /* Info.plist */ = {isa = PBXFileReference; lastKnownFileType = text.plist.xml; path = Info.plist; sourceTree = "<group>"; };
		217192732B07328000A0A4E1 /* VideoLibrary.swift */ = {isa = PBXFileReference; fileEncoding = 4; lastKnownFileType = sourcecode.swift; path = VideoLibrary.swift; sourceTree = "<group>"; };
		217192742B07328000A0A4E1 /* Video.swift */ = {isa = PBXFileReference; fileEncoding = 4; lastKnownFileType = sourcecode.swift; path = Video.swift; sourceTree = "<group>"; };
		217192782B07329D00A0A4E1 /* PlayerModel.swift */ = {isa = PBXFileReference; fileEncoding = 4; lastKnownFileType = sourcecode.swift; path = PlayerModel.swift; sourceTree = "<group>"; };
		217192792B07329D00A0A4E1 /* SystemPlayerView.swift */ = {isa = PBXFileReference; fileEncoding = 4; lastKnownFileType = sourcecode.swift; path = SystemPlayerView.swift; sourceTree = "<group>"; };
		2171927A2B07329D00A0A4E1 /* InlinePlayerView.swift */ = {isa = PBXFileReference; fileEncoding = 4; lastKnownFileType = sourcecode.swift; path = InlinePlayerView.swift; sourceTree = "<group>"; };
		2171927C2B07329D00A0A4E1 /* PlayerView.swift */ = {isa = PBXFileReference; fileEncoding = 4; lastKnownFileType = sourcecode.swift; path = PlayerView.swift; sourceTree = "<group>"; };
		217192822B0732BA00A0A4E1 /* LibraryView.swift */ = {isa = PBXFileReference; fileEncoding = 4; lastKnownFileType = sourcecode.swift; path = LibraryView.swift; sourceTree = "<group>"; };
		217192832B0732BA00A0A4E1 /* TrailerView.swift */ = {isa = PBXFileReference; fileEncoding = 4; lastKnownFileType = sourcecode.swift; path = TrailerView.swift; sourceTree = "<group>"; };
		217192842B0732BB00A0A4E1 /* VideoCardView.swift */ = {isa = PBXFileReference; fileEncoding = 4; lastKnownFileType = sourcecode.swift; path = VideoCardView.swift; sourceTree = "<group>"; };
		217192862B0732BB00A0A4E1 /* VideoListView.swift */ = {isa = PBXFileReference; fileEncoding = 4; lastKnownFileType = sourcecode.swift; path = VideoListView.swift; sourceTree = "<group>"; };
		2171928B2B0732BB00A0A4E1 /* ViewModifiers.swift */ = {isa = PBXFileReference; fileEncoding = 4; lastKnownFileType = sourcecode.swift; path = ViewModifiers.swift; sourceTree = "<group>"; };
		2171928C2B0732BB00A0A4E1 /* GradientView.swift */ = {isa = PBXFileReference; fileEncoding = 4; lastKnownFileType = sourcecode.swift; path = GradientView.swift; sourceTree = "<group>"; };
		2171928D2B0732BB00A0A4E1 /* DetailView.swift */ = {isa = PBXFileReference; fileEncoding = 4; lastKnownFileType = sourcecode.swift; path = DetailView.swift; sourceTree = "<group>"; };
		2171928E2B0732BB00A0A4E1 /* WideDetailView.swift */ = {isa = PBXFileReference; fileEncoding = 4; lastKnownFileType = sourcecode.swift; path = WideDetailView.swift; sourceTree = "<group>"; };
		2171928F2B0732BB00A0A4E1 /* VideoInfoView.swift */ = {isa = PBXFileReference; fileEncoding = 4; lastKnownFileType = sourcecode.swift; path = VideoInfoView.swift; sourceTree = "<group>"; };
		2171929D2B07335C00A0A4E1 /* VideoExtensions.swift */ = {isa = PBXFileReference; fileEncoding = 4; lastKnownFileType = sourcecode.swift; path = VideoExtensions.swift; sourceTree = "<group>"; };
		217192A02B07337900A0A4E1 /* ViewExtensions.swift */ = {isa = PBXFileReference; fileEncoding = 4; lastKnownFileType = sourcecode.swift; path = ViewExtensions.swift; sourceTree = "<group>"; };
		217192A12B07337900A0A4E1 /* AVExtensions.swift */ = {isa = PBXFileReference; fileEncoding = 4; lastKnownFileType = sourcecode.swift; path = AVExtensions.swift; sourceTree = "<group>"; };
		217192A52B07339700A0A4E1 /* VideoWatchingCoordinator.swift */ = {isa = PBXFileReference; fileEncoding = 4; lastKnownFileType = sourcecode.swift; path = VideoWatchingCoordinator.swift; sourceTree = "<group>"; };
		217192A62B07339700A0A4E1 /* VideoWatchingActivity.swift */ = {isa = PBXFileReference; fileEncoding = 4; lastKnownFileType = sourcecode.swift; path = VideoWatchingActivity.swift; sourceTree = "<group>"; };
		217192A92B073C8D00A0A4E1 /* DestinationView.swift */ = {isa = PBXFileReference; lastKnownFileType = sourcecode.swift; path = DestinationView.swift; sourceTree = "<group>"; };
/* End PBXFileReference section */

/* Begin PBXFrameworksBuildPhase section */
		217192542B06FE5F00A0A4E1 /* Frameworks */ = {
			isa = PBXFrameworksBuildPhase;
			buildActionMask = 2147483647;
			files = (
				2171925D2B06FE5F00A0A4E1 /* RealityKitContent in Frameworks */,
			);
			runOnlyForDeploymentPostprocessing = 0;
		};
/* End PBXFrameworksBuildPhase section */

/* Begin PBXGroup section */
		2171924E2B06FE5F00A0A4E1 = {
			isa = PBXGroup;
			children = (
				217192592B06FE5F00A0A4E1 /* NotDestinationVideo */,
				2171925A2B06FE5F00A0A4E1 /* Packages */,
				217192582B06FE5F00A0A4E1 /* Products */,
			);
			sourceTree = "<group>";
		};
		217192582B06FE5F00A0A4E1 /* Products */ = {
			isa = PBXGroup;
			children = (
				217192572B06FE5F00A0A4E1 /* NotDestinationVideo.app */,
			);
			name = Products;
			sourceTree = "<group>";
		};
		217192592B06FE5F00A0A4E1 /* NotDestinationVideo */ = {
			isa = PBXGroup;
			children = (
				2171925E2B06FE5F00A0A4E1 /* NotDestinationVideoApp.swift */,
				217192602B06FE5F00A0A4E1 /* ContentView.swift */,
				217192712B07325F00A0A4E1 /* Views */,
				217192722B07326B00A0A4E1 /* Model */,
				217192772B07329600A0A4E1 /* Player */,
				217192A42B07339700A0A4E1 /* SharePlay */,
				2171929F2B07337900A0A4E1 /* Extensions */,
				217192622B06FE6100A0A4E1 /* Assets.xcassets */,
				217192672B06FE6100A0A4E1 /* Info.plist */,
				217192642B06FE6100A0A4E1 /* Preview Content */,
			);
			path = NotDestinationVideo;
			sourceTree = "<group>";
		};
		2171925A2B06FE5F00A0A4E1 /* Packages */ = {
			isa = PBXGroup;
			children = (
				2171925B2B06FE5F00A0A4E1 /* RealityKitContent */,
			);
			path = Packages;
			sourceTree = "<group>";
		};
		217192642B06FE6100A0A4E1 /* Preview Content */ = {
			isa = PBXGroup;
			children = (
				2171929D2B07335C00A0A4E1 /* VideoExtensions.swift */,
				217192652B06FE6100A0A4E1 /* Preview Assets.xcassets */,
			);
			path = "Preview Content";
			sourceTree = "<group>";
		};
		217192712B07325F00A0A4E1 /* Views */ = {
			isa = PBXGroup;
			children = (
				2171928D2B0732BB00A0A4E1 /* DetailView.swift */,
				2171928C2B0732BB00A0A4E1 /* GradientView.swift */,
				217192822B0732BA00A0A4E1 /* LibraryView.swift */,
				217192832B0732BA00A0A4E1 /* TrailerView.swift */,
				217192842B0732BB00A0A4E1 /* VideoCardView.swift */,
				2171928F2B0732BB00A0A4E1 /* VideoInfoView.swift */,
				217192862B0732BB00A0A4E1 /* VideoListView.swift */,
				2171928B2B0732BB00A0A4E1 /* ViewModifiers.swift */,
				2171928E2B0732BB00A0A4E1 /* WideDetailView.swift */,
				217192A92B073C8D00A0A4E1 /* DestinationView.swift */,
			);
			path = Views;
			sourceTree = "<group>";
		};
		217192722B07326B00A0A4E1 /* Model */ = {
			isa = PBXGroup;
			children = (
				217192742B07328000A0A4E1 /* Video.swift */,
				217192732B07328000A0A4E1 /* VideoLibrary.swift */,
			);
			path = Model;
			sourceTree = "<group>";
		};
		217192772B07329600A0A4E1 /* Player */ = {
			isa = PBXGroup;
			children = (
				2171927A2B07329D00A0A4E1 /* InlinePlayerView.swift */,
				217192782B07329D00A0A4E1 /* PlayerModel.swift */,
				2171927C2B07329D00A0A4E1 /* PlayerView.swift */,
				217192792B07329D00A0A4E1 /* SystemPlayerView.swift */,
			);
			path = Player;
			sourceTree = "<group>";
		};
		2171929F2B07337900A0A4E1 /* Extensions */ = {
			isa = PBXGroup;
			children = (
				217192A02B07337900A0A4E1 /* ViewExtensions.swift */,
				217192A12B07337900A0A4E1 /* AVExtensions.swift */,
			);
			path = Extensions;
			sourceTree = "<group>";
		};
		217192A42B07339700A0A4E1 /* SharePlay */ = {
			isa = PBXGroup;
			children = (
				217192A52B07339700A0A4E1 /* VideoWatchingCoordinator.swift */,
				217192A62B07339700A0A4E1 /* VideoWatchingActivity.swift */,
			);
			path = SharePlay;
			sourceTree = "<group>";
		};
/* End PBXGroup section */

/* Begin PBXNativeTarget section */
		217192562B06FE5F00A0A4E1 /* NotDestinationVideo */ = {
			isa = PBXNativeTarget;
			buildConfigurationList = 2171926A2B06FE6100A0A4E1 /* Build configuration list for PBXNativeTarget "NotDestinationVideo" */;
			buildPhases = (
				217192532B06FE5F00A0A4E1 /* Sources */,
				217192542B06FE5F00A0A4E1 /* Frameworks */,
				217192552B06FE5F00A0A4E1 /* Resources */,
			);
			buildRules = (
			);
			dependencies = (
			);
			name = NotDestinationVideo;
			packageProductDependencies = (
				2171925C2B06FE5F00A0A4E1 /* RealityKitContent */,
			);
			productName = NotDestinationVideo;
			productReference = 217192572B06FE5F00A0A4E1 /* NotDestinationVideo.app */;
			productType = "com.apple.product-type.application";
		};
/* End PBXNativeTarget section */

/* Begin PBXProject section */
		2171924F2B06FE5F00A0A4E1 /* Project object */ = {
			isa = PBXProject;
			attributes = {
				BuildIndependentTargetsInParallel = 1;
				LastSwiftUpdateCheck = 1510;
				LastUpgradeCheck = 1510;
				TargetAttributes = {
					217192562B06FE5F00A0A4E1 = {
						CreatedOnToolsVersion = 15.1;
					};
				};
			};
			buildConfigurationList = 217192522B06FE5F00A0A4E1 /* Build configuration list for PBXProject "NotDestinationVideo" */;
			compatibilityVersion = "Xcode 14.0";
			developmentRegion = en;
			hasScannedForEncodings = 0;
			knownRegions = (
				en,
				Base,
			);
			mainGroup = 2171924E2B06FE5F00A0A4E1;
			productRefGroup = 217192582B06FE5F00A0A4E1 /* Products */;
			projectDirPath = "";
			projectRoot = "";
			targets = (
				217192562B06FE5F00A0A4E1 /* NotDestinationVideo */,
			);
		};
/* End PBXProject section */

/* Begin PBXResourcesBuildPhase section */
		217192552B06FE5F00A0A4E1 /* Resources */ = {
			isa = PBXResourcesBuildPhase;
			buildActionMask = 2147483647;
			files = (
				217192662B06FE6100A0A4E1 /* Preview Assets.xcassets in Resources */,
				217192632B06FE6100A0A4E1 /* Assets.xcassets in Resources */,
			);
			runOnlyForDeploymentPostprocessing = 0;
		};
/* End PBXResourcesBuildPhase section */

/* Begin PBXSourcesBuildPhase section */
		217192532B06FE5F00A0A4E1 /* Sources */ = {
			isa = PBXSourcesBuildPhase;
			buildActionMask = 2147483647;
			files = (
				217192992B0732BB00A0A4E1 /* GradientView.swift in Sources */,
				217192A22B07337900A0A4E1 /* ViewExtensions.swift in Sources */,
				217192A32B07337900A0A4E1 /* AVExtensions.swift in Sources */,
				217192912B0732BB00A0A4E1 /* TrailerView.swift in Sources */,
				2171929C2B0732BB00A0A4E1 /* VideoInfoView.swift in Sources */,
				217192812B07329E00A0A4E1 /* PlayerView.swift in Sources */,
				217192942B0732BB00A0A4E1 /* VideoListView.swift in Sources */,
				217192A82B07339700A0A4E1 /* VideoWatchingActivity.swift in Sources */,
				217192982B0732BB00A0A4E1 /* ViewModifiers.swift in Sources */,
				2171927E2B07329E00A0A4E1 /* SystemPlayerView.swift in Sources */,
				2171927D2B07329E00A0A4E1 /* PlayerModel.swift in Sources */,
				217192752B07328000A0A4E1 /* VideoLibrary.swift in Sources */,
				2171927F2B07329E00A0A4E1 /* InlinePlayerView.swift in Sources */,
				2171929B2B0732BB00A0A4E1 /* WideDetailView.swift in Sources */,
				217192762B07328000A0A4E1 /* Video.swift in Sources */,
				217192612B06FE5F00A0A4E1 /* ContentView.swift in Sources */,
				2171929A2B0732BB00A0A4E1 /* DetailView.swift in Sources */,
				217192A72B07339700A0A4E1 /* VideoWatchingCoordinator.swift in Sources */,
				2171929E2B07335C00A0A4E1 /* VideoExtensions.swift in Sources */,
				217192902B0732BB00A0A4E1 /* LibraryView.swift in Sources */,
				217192AA2B073C8D00A0A4E1 /* DestinationView.swift in Sources */,
				217192922B0732BB00A0A4E1 /* VideoCardView.swift in Sources */,
				2171925F2B06FE5F00A0A4E1 /* NotDestinationVideoApp.swift in Sources */,
			);
			runOnlyForDeploymentPostprocessing = 0;
		};
/* End PBXSourcesBuildPhase section */

/* Begin XCBuildConfiguration section */
		217192682B06FE6100A0A4E1 /* Debug */ = {
			isa = XCBuildConfiguration;
			buildSettings = {
				ALWAYS_SEARCH_USER_PATHS = NO;
				ASSETCATALOG_COMPILER_GENERATE_SWIFT_ASSET_SYMBOL_EXTENSIONS = YES;
				CLANG_ANALYZER_NONNULL = YES;
				CLANG_ANALYZER_NUMBER_OBJECT_CONVERSION = YES_AGGRESSIVE;
				CLANG_CXX_LANGUAGE_STANDARD = "gnu++20";
				CLANG_ENABLE_MODULES = YES;
				CLANG_ENABLE_OBJC_ARC = YES;
				CLANG_ENABLE_OBJC_WEAK = YES;
				CLANG_WARN_BLOCK_CAPTURE_AUTORELEASING = YES;
				CLANG_WARN_BOOL_CONVERSION = YES;
				CLANG_WARN_COMMA = YES;
				CLANG_WARN_CONSTANT_CONVERSION = YES;
				CLANG_WARN_DEPRECATED_OBJC_IMPLEMENTATIONS = YES;
				CLANG_WARN_DIRECT_OBJC_ISA_USAGE = YES_ERROR;
				CLANG_WARN_DOCUMENTATION_COMMENTS = YES;
				CLANG_WARN_EMPTY_BODY = YES;
				CLANG_WARN_ENUM_CONVERSION = YES;
				CLANG_WARN_INFINITE_RECURSION = YES;
				CLANG_WARN_INT_CONVERSION = YES;
				CLANG_WARN_NON_LITERAL_NULL_CONVERSION = YES;
				CLANG_WARN_OBJC_IMPLICIT_RETAIN_SELF = YES;
				CLANG_WARN_OBJC_LITERAL_CONVERSION = YES;
				CLANG_WARN_OBJC_ROOT_CLASS = YES_ERROR;
				CLANG_WARN_QUOTED_INCLUDE_IN_FRAMEWORK_HEADER = YES;
				CLANG_WARN_RANGE_LOOP_ANALYSIS = YES;
				CLANG_WARN_STRICT_PROTOTYPES = YES;
				CLANG_WARN_SUSPICIOUS_MOVE = YES;
				CLANG_WARN_UNGUARDED_AVAILABILITY = YES_AGGRESSIVE;
				CLANG_WARN_UNREACHABLE_CODE = YES;
				CLANG_WARN__DUPLICATE_METHOD_MATCH = YES;
				COPY_PHASE_STRIP = NO;
				DEBUG_INFORMATION_FORMAT = dwarf;
				ENABLE_STRICT_OBJC_MSGSEND = YES;
				ENABLE_TESTABILITY = YES;
				ENABLE_USER_SCRIPT_SANDBOXING = YES;
				GCC_C_LANGUAGE_STANDARD = gnu17;
				GCC_DYNAMIC_NO_PIC = NO;
				GCC_NO_COMMON_BLOCKS = YES;
				GCC_OPTIMIZATION_LEVEL = 0;
				GCC_PREPROCESSOR_DEFINITIONS = (
					"DEBUG=1",
					"$(inherited)",
				);
				GCC_WARN_64_TO_32_BIT_CONVERSION = YES;
				GCC_WARN_ABOUT_RETURN_TYPE = YES_ERROR;
				GCC_WARN_UNDECLARED_SELECTOR = YES;
				GCC_WARN_UNINITIALIZED_AUTOS = YES_AGGRESSIVE;
				GCC_WARN_UNUSED_FUNCTION = YES;
				GCC_WARN_UNUSED_VARIABLE = YES;
				LOCALIZATION_PREFERS_STRING_CATALOGS = YES;
				MTL_ENABLE_DEBUG_INFO = INCLUDE_SOURCE;
				MTL_FAST_MATH = YES;
				ONLY_ACTIVE_ARCH = YES;
				SDKROOT = xros;
				SWIFT_ACTIVE_COMPILATION_CONDITIONS = "DEBUG $(inherited)";
				SWIFT_OPTIMIZATION_LEVEL = "-Onone";
				XROS_DEPLOYMENT_TARGET = 1.0;
			};
			name = Debug;
		};
		217192692B06FE6100A0A4E1 /* Release */ = {
			isa = XCBuildConfiguration;
			buildSettings = {
				ALWAYS_SEARCH_USER_PATHS = NO;
				ASSETCATALOG_COMPILER_GENERATE_SWIFT_ASSET_SYMBOL_EXTENSIONS = YES;
				CLANG_ANALYZER_NONNULL = YES;
				CLANG_ANALYZER_NUMBER_OBJECT_CONVERSION = YES_AGGRESSIVE;
				CLANG_CXX_LANGUAGE_STANDARD = "gnu++20";
				CLANG_ENABLE_MODULES = YES;
				CLANG_ENABLE_OBJC_ARC = YES;
				CLANG_ENABLE_OBJC_WEAK = YES;
				CLANG_WARN_BLOCK_CAPTURE_AUTORELEASING = YES;
				CLANG_WARN_BOOL_CONVERSION = YES;
				CLANG_WARN_COMMA = YES;
				CLANG_WARN_CONSTANT_CONVERSION = YES;
				CLANG_WARN_DEPRECATED_OBJC_IMPLEMENTATIONS = YES;
				CLANG_WARN_DIRECT_OBJC_ISA_USAGE = YES_ERROR;
				CLANG_WARN_DOCUMENTATION_COMMENTS = YES;
				CLANG_WARN_EMPTY_BODY = YES;
				CLANG_WARN_ENUM_CONVERSION = YES;
				CLANG_WARN_INFINITE_RECURSION = YES;
				CLANG_WARN_INT_CONVERSION = YES;
				CLANG_WARN_NON_LITERAL_NULL_CONVERSION = YES;
				CLANG_WARN_OBJC_IMPLICIT_RETAIN_SELF = YES;
				CLANG_WARN_OBJC_LITERAL_CONVERSION = YES;
				CLANG_WARN_OBJC_ROOT_CLASS = YES_ERROR;
				CLANG_WARN_QUOTED_INCLUDE_IN_FRAMEWORK_HEADER = YES;
				CLANG_WARN_RANGE_LOOP_ANALYSIS = YES;
				CLANG_WARN_STRICT_PROTOTYPES = YES;
				CLANG_WARN_SUSPICIOUS_MOVE = YES;
				CLANG_WARN_UNGUARDED_AVAILABILITY = YES_AGGRESSIVE;
				CLANG_WARN_UNREACHABLE_CODE = YES;
				CLANG_WARN__DUPLICATE_METHOD_MATCH = YES;
				COPY_PHASE_STRIP = NO;
				DEBUG_INFORMATION_FORMAT = "dwarf-with-dsym";
				ENABLE_NS_ASSERTIONS = NO;
				ENABLE_STRICT_OBJC_MSGSEND = YES;
				ENABLE_USER_SCRIPT_SANDBOXING = YES;
				GCC_C_LANGUAGE_STANDARD = gnu17;
				GCC_NO_COMMON_BLOCKS = YES;
				GCC_WARN_64_TO_32_BIT_CONVERSION = YES;
				GCC_WARN_ABOUT_RETURN_TYPE = YES_ERROR;
				GCC_WARN_UNDECLARED_SELECTOR = YES;
				GCC_WARN_UNINITIALIZED_AUTOS = YES_AGGRESSIVE;
				GCC_WARN_UNUSED_FUNCTION = YES;
				GCC_WARN_UNUSED_VARIABLE = YES;
				LOCALIZATION_PREFERS_STRING_CATALOGS = YES;
				MTL_ENABLE_DEBUG_INFO = NO;
				MTL_FAST_MATH = YES;
				SDKROOT = xros;
				SWIFT_COMPILATION_MODE = wholemodule;
				VALIDATE_PRODUCT = YES;
				XROS_DEPLOYMENT_TARGET = 1.0;
			};
			name = Release;
		};
		2171926B2B06FE6100A0A4E1 /* Debug */ = {
			isa = XCBuildConfiguration;
			buildSettings = {
				ASSETCATALOG_COMPILER_APPICON_NAME = AppIcon;
				ASSETCATALOG_COMPILER_GLOBAL_ACCENT_COLOR_NAME = AccentColor;
				CODE_SIGN_STYLE = Automatic;
				CURRENT_PROJECT_VERSION = 1;
				DEVELOPMENT_ASSET_PATHS = "\"NotDestinationVideo/Preview Content\"";
				DEVELOPMENT_TEAM = D8LKYC74R9;
				ENABLE_PREVIEWS = YES;
				GENERATE_INFOPLIST_FILE = YES;
				INFOPLIST_FILE = "$(TARGET_NAME)/Info.plist";
				LD_RUNPATH_SEARCH_PATHS = (
					"$(inherited)",
					"@executable_path/Frameworks",
				);
				MARKETING_VERSION = 1.0;
				PRODUCT_BUNDLE_IDENTIFIER = com.buyuksandalyaci.NotDestinationVideo;
				PRODUCT_NAME = "$(TARGET_NAME)";
				SUPPORTED_PLATFORMS = "xros xrsimulator";
				SWIFT_EMIT_LOC_STRINGS = YES;
				SWIFT_VERSION = 5.0;
				TARGETED_DEVICE_FAMILY = "1,2,7";
			};
			name = Debug;
		};
		2171926C2B06FE6100A0A4E1 /* Release */ = {
			isa = XCBuildConfiguration;
			buildSettings = {
				ASSETCATALOG_COMPILER_APPICON_NAME = AppIcon;
				ASSETCATALOG_COMPILER_GLOBAL_ACCENT_COLOR_NAME = AccentColor;
				CODE_SIGN_STYLE = Automatic;
				CURRENT_PROJECT_VERSION = 1;
				DEVELOPMENT_ASSET_PATHS = "\"NotDestinationVideo/Preview Content\"";
				DEVELOPMENT_TEAM = D8LKYC74R9;
				ENABLE_PREVIEWS = YES;
				GENERATE_INFOPLIST_FILE = YES;
				INFOPLIST_FILE = "$(TARGET_NAME)/Info.plist";
				LD_RUNPATH_SEARCH_PATHS = (
					"$(inherited)",
					"@executable_path/Frameworks",
				);
				MARKETING_VERSION = 1.0;
				PRODUCT_BUNDLE_IDENTIFIER = com.buyuksandalyaci.NotDestinationVideo;
				PRODUCT_NAME = "$(TARGET_NAME)";
				SUPPORTED_PLATFORMS = "xros xrsimulator";
				SWIFT_EMIT_LOC_STRINGS = YES;
				SWIFT_VERSION = 5.0;
				TARGETED_DEVICE_FAMILY = "1,2,7";
			};
			name = Release;
		};
/* End XCBuildConfiguration section */

/* Begin XCConfigurationList section */
		217192522B06FE5F00A0A4E1 /* Build configuration list for PBXProject "NotDestinationVideo" */ = {
			isa = XCConfigurationList;
			buildConfigurations = (
				217192682B06FE6100A0A4E1 /* Debug */,
				217192692B06FE6100A0A4E1 /* Release */,
			);
			defaultConfigurationIsVisible = 0;
			defaultConfigurationName = Release;
		};
		2171926A2B06FE6100A0A4E1 /* Build configuration list for PBXNativeTarget "NotDestinationVideo" */ = {
			isa = XCConfigurationList;
			buildConfigurations = (
				2171926B2B06FE6100A0A4E1 /* Debug */,
				2171926C2B06FE6100A0A4E1 /* Release */,
			);
			defaultConfigurationIsVisible = 0;
			defaultConfigurationName = Release;
		};
/* End XCConfigurationList section */

/* Begin XCSwiftPackageProductDependency section */
		2171925C2B06FE5F00A0A4E1 /* RealityKitContent */ = {
			isa = XCSwiftPackageProductDependency;
			productName = RealityKitContent;
		};
/* End XCSwiftPackageProductDependency section */
	};
	rootObject = 2171924F2B06FE5F00A0A4E1 /* Project object */;
}
